
Microsoft Visual Studio Solution File, Format Version 12.00
# Visual Studio Version 17
VisualStudioVersion = 17.0.31919.166
MinimumVisualStudioVersion = 10.0.40219.1
Project("{9A19103F-16F7-4668-BE54-9A1E7A4F7556}") = "BlazorEcommerce.Server", "BlazorEcommerce\Server\BlazorEcommerce.Server.csproj", "{ACD361B3-9CCD-469D-81DE-A6F7DE5AA75A}"
EndProject
Project("{9A19103F-16F7-4668-BE54-9A1E7A4F7556}") = "BlazorEcommerce.Client", "BlazorEcommerce\Client\BlazorEcommerce.Client.csproj", "{614AEEDE-52F5-4709-8D2B-06B3EE04FEB6}"
EndProject
Project("{9A19103F-16F7-4668-BE54-9A1E7A4F7556}") = "BlazorEcommerce.Shared", "BlazorEcommerce\Shared\BlazorEcommerce.Shared.csproj", "{73E5DC50-09D5-4650-8802-F2A487461A77}"
EndProject
Global
	GlobalSection(SolutionConfigurationPlatforms) = preSolution
		Debug|Any CPU = Debug|Any CPU
		Release|Any CPU = Release|Any CPU
	EndGlobalSection
	GlobalSection(ProjectConfigurationPlatforms) = postSolution
		{ACD361B3-9CCD-469D-81DE-A6F7DE5AA75A}.Debug|Any CPU.ActiveCfg = Debug|Any CPU
		{ACD361B3-9CCD-469D-81DE-A6F7DE5AA75A}.Debug|Any CPU.Build.0 = Debug|Any CPU
		{ACD361B3-9CCD-469D-81DE-A6F7DE5AA75A}.Release|Any CPU.ActiveCfg = Release|Any CPU
		{ACD361B3-9CCD-469D-81DE-A6F7DE5AA75A}.Release|Any CPU.Build.0 = Release|Any CPU
		{614AEEDE-52F5-4709-8D2B-06B3EE04FEB6}.Debug|Any CPU.ActiveCfg = Debug|Any CPU
		{614AEEDE-52F5-4709-8D2B-06B3EE04FEB6}.Debug|Any CPU.Build.0 = Debug|Any CPU
		{614AEEDE-52F5-4709-8D2B-06B3EE04FEB6}.Release|Any CPU.ActiveCfg = Release|Any CPU
		{614AEEDE-52F5-4709-8D2B-06B3EE04FEB6}.Release|Any CPU.Build.0 = Release|Any CPU
		{73E5DC50-09D5-4650-8802-F2A487461A77}.Debug|Any CPU.ActiveCfg = Debug|Any CPU
		{73E5DC50-09D5-4650-8802-F2A487461A77}.Debug|Any CPU.Build.0 = Debug|Any CPU
		{73E5DC50-09D5-4650-8802-F2A487461A77}.Release|Any CPU.ActiveCfg = Release|Any CPU
		{73E5DC50-09D5-4650-8802-F2A487461A77}.Release|Any CPU.Build.0 = Release|Any CPU
	EndGlobalSection
	GlobalSection(SolutionProperties) = preSolution
		HideSolutionNode = FALSE
	EndGlobalSection
	GlobalSection(ExtensibilityGlobals) = postSolution
		SolutionGuid = {44B0E47D-D1F4-4C30-9E26-BF44E21E2278}
	EndGlobalSection
EndGlobal
